// !$*UTF8*$!
{
	archiveVersion = 1;
	classes = {
	};
	objectVersion = 56;
	objects = {

/* Begin PBXBuildFile section */
		F502ABB6299B3DCF0050826C /* FacebookLogin in Frameworks */ = {isa = PBXBuildFile; productRef = F502ABB5299B3DCF0050826C /* FacebookLogin */; };
		F502ABBA299B4B200050826C /* GoogleSignIn in Frameworks */ = {isa = PBXBuildFile; productRef = F502ABB9299B4B200050826C /* GoogleSignIn */; };
		F502ABBD299B58970050826C /* AWSCognitoAuthPlugin in Frameworks */ = {isa = PBXBuildFile; productRef = F502ABBC299B58970050826C /* AWSCognitoAuthPlugin */; };
		F502ABBF299B58970050826C /* Amplify in Frameworks */ = {isa = PBXBuildFile; productRef = F502ABBE299B58970050826C /* Amplify */; };
		F56A9A3D298DBBBC009C98FF /* SBHomeViewController.swift in Sources */ = {isa = PBXBuildFile; fileRef = F56A9A3C298DBBBC009C98FF /* SBHomeViewController.swift */; };
		F56A9A3F298DBBD2009C98FF /* SBChatViewController.swift in Sources */ = {isa = PBXBuildFile; fileRef = F56A9A3E298DBBD2009C98FF /* SBChatViewController.swift */; };
		F56A9A41298DBBD9009C98FF /* SBProfileViewController.swift in Sources */ = {isa = PBXBuildFile; fileRef = F56A9A40298DBBD9009C98FF /* SBProfileViewController.swift */; };
		F56A9A4A29922D94009C98FF /* Constants.swift in Sources */ = {isa = PBXBuildFile; fileRef = F56A9A4929922D94009C98FF /* Constants.swift */; };
		F56A9A4C299239C7009C98FF /* SBLoginSignUpNavController.swift in Sources */ = {isa = PBXBuildFile; fileRef = F56A9A4B299239C7009C98FF /* SBLoginSignUpNavController.swift */; };
		F5BF1B362988D08E002119A2 /* AppDelegate.swift in Sources */ = {isa = PBXBuildFile; fileRef = F5BF1B352988D08E002119A2 /* AppDelegate.swift */; };
		F5BF1B382988D08E002119A2 /* SceneDelegate.swift in Sources */ = {isa = PBXBuildFile; fileRef = F5BF1B372988D08E002119A2 /* SceneDelegate.swift */; };
		F5BF1B3A2988D08E002119A2 /* SBTabBarController.swift in Sources */ = {isa = PBXBuildFile; fileRef = F5BF1B392988D08E002119A2 /* SBTabBarController.swift */; };
		F5BF1B3F2988D090002119A2 /* Assets.xcassets in Resources */ = {isa = PBXBuildFile; fileRef = F5BF1B3E2988D090002119A2 /* Assets.xcassets */; };
		F5BF1B422988D090002119A2 /* LaunchScreen.storyboard in Resources */ = {isa = PBXBuildFile; fileRef = F5BF1B402988D090002119A2 /* LaunchScreen.storyboard */; };
		F5BF1B4D2988D090002119A2 /* Swift_BelayTests.swift in Sources */ = {isa = PBXBuildFile; fileRef = F5BF1B4C2988D090002119A2 /* Swift_BelayTests.swift */; };
		F5BF1B572988D090002119A2 /* Swift_BelayUITests.swift in Sources */ = {isa = PBXBuildFile; fileRef = F5BF1B562988D090002119A2 /* Swift_BelayUITests.swift */; };
		F5BF1B592988D090002119A2 /* Swift_BelayUITestsLaunchTests.swift in Sources */ = {isa = PBXBuildFile; fileRef = F5BF1B582988D090002119A2 /* Swift_BelayUITestsLaunchTests.swift */; };
/* End PBXBuildFile section */

/* Begin PBXContainerItemProxy section */
		F5BF1B492988D090002119A2 /* PBXContainerItemProxy */ = {
			isa = PBXContainerItemProxy;
			containerPortal = F5BF1B2A2988D08E002119A2 /* Project object */;
			proxyType = 1;
			remoteGlobalIDString = F5BF1B312988D08E002119A2;
			remoteInfo = "Swift Belay";
		};
		F5BF1B532988D090002119A2 /* PBXContainerItemProxy */ = {
			isa = PBXContainerItemProxy;
			containerPortal = F5BF1B2A2988D08E002119A2 /* Project object */;
			proxyType = 1;
			remoteGlobalIDString = F5BF1B312988D08E002119A2;
			remoteInfo = "Swift Belay";
		};
/* End PBXContainerItemProxy section */

/* Begin PBXFileReference section */
		F502ABB7299B3F1F0050826C /* Swift Belay.entitlements */ = {isa = PBXFileReference; lastKnownFileType = text.plist.entitlements; path = "Swift Belay.entitlements"; sourceTree = "<group>"; };
		F56A9A3C298DBBBC009C98FF /* SBHomeViewController.swift */ = {isa = PBXFileReference; lastKnownFileType = sourcecode.swift; path = SBHomeViewController.swift; sourceTree = "<group>"; };
		F56A9A3E298DBBD2009C98FF /* SBChatViewController.swift */ = {isa = PBXFileReference; lastKnownFileType = sourcecode.swift; path = SBChatViewController.swift; sourceTree = "<group>"; };
		F56A9A40298DBBD9009C98FF /* SBProfileViewController.swift */ = {isa = PBXFileReference; lastKnownFileType = sourcecode.swift; path = SBProfileViewController.swift; sourceTree = "<group>"; };
		F56A9A4929922D94009C98FF /* Constants.swift */ = {isa = PBXFileReference; lastKnownFileType = sourcecode.swift; path = Constants.swift; sourceTree = "<group>"; };
		F56A9A4B299239C7009C98FF /* SBLoginSignUpNavController.swift */ = {isa = PBXFileReference; lastKnownFileType = sourcecode.swift; path = SBLoginSignUpNavController.swift; sourceTree = "<group>"; };
		F5BF1B322988D08E002119A2 /* Swift Belay.app */ = {isa = PBXFileReference; explicitFileType = wrapper.application; includeInIndex = 0; path = "Swift Belay.app"; sourceTree = BUILT_PRODUCTS_DIR; };
		F5BF1B352988D08E002119A2 /* AppDelegate.swift */ = {isa = PBXFileReference; lastKnownFileType = sourcecode.swift; path = AppDelegate.swift; sourceTree = "<group>"; };
		F5BF1B372988D08E002119A2 /* SceneDelegate.swift */ = {isa = PBXFileReference; lastKnownFileType = sourcecode.swift; path = SceneDelegate.swift; sourceTree = "<group>"; };
		F5BF1B392988D08E002119A2 /* SBTabBarController.swift */ = {isa = PBXFileReference; lastKnownFileType = sourcecode.swift; path = SBTabBarController.swift; sourceTree = "<group>"; };
		F5BF1B3E2988D090002119A2 /* Assets.xcassets */ = {isa = PBXFileReference; lastKnownFileType = folder.assetcatalog; path = Assets.xcassets; sourceTree = "<group>"; };
		F5BF1B412988D090002119A2 /* Base */ = {isa = PBXFileReference; lastKnownFileType = file.storyboard; name = Base; path = Base.lproj/LaunchScreen.storyboard; sourceTree = "<group>"; };
		F5BF1B432988D090002119A2 /* Info.plist */ = {isa = PBXFileReference; lastKnownFileType = text.plist.xml; path = Info.plist; sourceTree = "<group>"; };
		F5BF1B482988D090002119A2 /* Swift BelayTests.xctest */ = {isa = PBXFileReference; explicitFileType = wrapper.cfbundle; includeInIndex = 0; path = "Swift BelayTests.xctest"; sourceTree = BUILT_PRODUCTS_DIR; };
		F5BF1B4C2988D090002119A2 /* Swift_BelayTests.swift */ = {isa = PBXFileReference; lastKnownFileType = sourcecode.swift; path = Swift_BelayTests.swift; sourceTree = "<group>"; };
		F5BF1B522988D090002119A2 /* Swift BelayUITests.xctest */ = {isa = PBXFileReference; explicitFileType = wrapper.cfbundle; includeInIndex = 0; path = "Swift BelayUITests.xctest"; sourceTree = BUILT_PRODUCTS_DIR; };
		F5BF1B562988D090002119A2 /* Swift_BelayUITests.swift */ = {isa = PBXFileReference; lastKnownFileType = sourcecode.swift; path = Swift_BelayUITests.swift; sourceTree = "<group>"; };
		F5BF1B582988D090002119A2 /* Swift_BelayUITestsLaunchTests.swift */ = {isa = PBXFileReference; lastKnownFileType = sourcecode.swift; path = Swift_BelayUITestsLaunchTests.swift; sourceTree = "<group>"; };
		F5BF1B652988D461002119A2 /* ReadMe.md */ = {isa = PBXFileReference; lastKnownFileType = net.daringfireball.markdown; path = ReadMe.md; sourceTree = "<group>"; };
/* End PBXFileReference section */

/* Begin PBXFrameworksBuildPhase section */
		F5BF1B2F2988D08E002119A2 /* Frameworks */ = {
			isa = PBXFrameworksBuildPhase;
			buildActionMask = 2147483647;
			files = (
				F502ABB6299B3DCF0050826C /* FacebookLogin in Frameworks */,
				F502ABBF299B58970050826C /* Amplify in Frameworks */,
				F502ABBA299B4B200050826C /* GoogleSignIn in Frameworks */,
				F502ABBD299B58970050826C /* AWSCognitoAuthPlugin in Frameworks */,
			);
			runOnlyForDeploymentPostprocessing = 0;
		};
		F5BF1B452988D090002119A2 /* Frameworks */ = {
			isa = PBXFrameworksBuildPhase;
			buildActionMask = 2147483647;
			files = (
			);
			runOnlyForDeploymentPostprocessing = 0;
		};
		F5BF1B4F2988D090002119A2 /* Frameworks */ = {
			isa = PBXFrameworksBuildPhase;
			buildActionMask = 2147483647;
			files = (
			);
			runOnlyForDeploymentPostprocessing = 0;
		};
/* End PBXFrameworksBuildPhase section */

/* Begin PBXGroup section */
		F56A9A36298DBA6E009C98FF /* Controllers */ = {
			isa = PBXGroup;
			children = (
				F56A9A4929922D94009C98FF /* Constants.swift */,
				F5BF1B392988D08E002119A2 /* SBTabBarController.swift */,
				F56A9A3C298DBBBC009C98FF /* SBHomeViewController.swift */,
				F56A9A3E298DBBD2009C98FF /* SBChatViewController.swift */,
				F56A9A40298DBBD9009C98FF /* SBProfileViewController.swift */,
				F56A9A4B299239C7009C98FF /* SBLoginSignUpNavController.swift */,
			);
			path = Controllers;
			sourceTree = "<group>";
		};
		F56A9A37298DBA8C009C98FF /* Managers */ = {
			isa = PBXGroup;
			children = (
			);
			path = Managers;
			sourceTree = "<group>";
		};
		F56A9A38298DBA93009C98FF /* Resources */ = {
			isa = PBXGroup;
			children = (
				F5BF1B352988D08E002119A2 /* AppDelegate.swift */,
				F5BF1B372988D08E002119A2 /* SceneDelegate.swift */,
				F5BF1B3E2988D090002119A2 /* Assets.xcassets */,
				F5BF1B402988D090002119A2 /* LaunchScreen.storyboard */,
			);
			path = Resources;
			sourceTree = "<group>";
		};
		F56A9A39298DBAA0009C98FF /* APIClient */ = {
			isa = PBXGroup;
			children = (
			);
			path = APIClient;
			sourceTree = "<group>";
		};
		F56A9A3A298DBAA9009C98FF /* Models */ = {
			isa = PBXGroup;
			children = (
			);
			path = Models;
			sourceTree = "<group>";
		};
		F56A9A3B298DBAB1009C98FF /* ViewModels */ = {
			isa = PBXGroup;
			children = (
			);
			path = ViewModels;
			sourceTree = "<group>";
		};
		F5BF1B292988D08E002119A2 = {
			isa = PBXGroup;
			children = (
				F5BF1B652988D461002119A2 /* ReadMe.md */,
				F5BF1B342988D08E002119A2 /* Swift Belay */,
				F5BF1B4B2988D090002119A2 /* Swift BelayTests */,
				F5BF1B552988D090002119A2 /* Swift BelayUITests */,
				F5BF1B332988D08E002119A2 /* Products */,
			);
			sourceTree = "<group>";
		};
		F5BF1B332988D08E002119A2 /* Products */ = {
			isa = PBXGroup;
			children = (
				F5BF1B322988D08E002119A2 /* Swift Belay.app */,
				F5BF1B482988D090002119A2 /* Swift BelayTests.xctest */,
				F5BF1B522988D090002119A2 /* Swift BelayUITests.xctest */,
			);
			name = Products;
			sourceTree = "<group>";
		};
		F5BF1B342988D08E002119A2 /* Swift Belay */ = {
			isa = PBXGroup;
			children = (
				F502ABB7299B3F1F0050826C /* Swift Belay.entitlements */,
				F56A9A3B298DBAB1009C98FF /* ViewModels */,
				F56A9A3A298DBAA9009C98FF /* Models */,
				F56A9A39298DBAA0009C98FF /* APIClient */,
				F56A9A38298DBA93009C98FF /* Resources */,
				F56A9A37298DBA8C009C98FF /* Managers */,
				F56A9A36298DBA6E009C98FF /* Controllers */,
				F5BF1B432988D090002119A2 /* Info.plist */,
			);
			path = "Swift Belay";
			sourceTree = "<group>";
		};
		F5BF1B4B2988D090002119A2 /* Swift BelayTests */ = {
			isa = PBXGroup;
			children = (
				F5BF1B4C2988D090002119A2 /* Swift_BelayTests.swift */,
			);
			path = "Swift BelayTests";
			sourceTree = "<group>";
		};
		F5BF1B552988D090002119A2 /* Swift BelayUITests */ = {
			isa = PBXGroup;
			children = (
				F5BF1B562988D090002119A2 /* Swift_BelayUITests.swift */,
				F5BF1B582988D090002119A2 /* Swift_BelayUITestsLaunchTests.swift */,
			);
			path = "Swift BelayUITests";
			sourceTree = "<group>";
		};
/* End PBXGroup section */

/* Begin PBXNativeTarget section */
		F5BF1B312988D08E002119A2 /* Swift Belay */ = {
			isa = PBXNativeTarget;
			buildConfigurationList = F5BF1B5C2988D090002119A2 /* Build configuration list for PBXNativeTarget "Swift Belay" */;
			buildPhases = (
				F5BF1B2E2988D08E002119A2 /* Sources */,
				F5BF1B2F2988D08E002119A2 /* Frameworks */,
				F5BF1B302988D08E002119A2 /* Resources */,
			);
			buildRules = (
			);
			dependencies = (
			);
			name = "Swift Belay";
			packageProductDependencies = (
				F502ABB5299B3DCF0050826C /* FacebookLogin */,
				F502ABB9299B4B200050826C /* GoogleSignIn */,
				F502ABBC299B58970050826C /* AWSCognitoAuthPlugin */,
				F502ABBE299B58970050826C /* Amplify */,
			);
			productName = "Swift Belay";
			productReference = F5BF1B322988D08E002119A2 /* Swift Belay.app */;
			productType = "com.apple.product-type.application";
		};
		F5BF1B472988D090002119A2 /* Swift BelayTests */ = {
			isa = PBXNativeTarget;
			buildConfigurationList = F5BF1B5F2988D090002119A2 /* Build configuration list for PBXNativeTarget "Swift BelayTests" */;
			buildPhases = (
				F5BF1B442988D090002119A2 /* Sources */,
				F5BF1B452988D090002119A2 /* Frameworks */,
				F5BF1B462988D090002119A2 /* Resources */,
			);
			buildRules = (
			);
			dependencies = (
				F5BF1B4A2988D090002119A2 /* PBXTargetDependency */,
			);
			name = "Swift BelayTests";
			productName = "Swift BelayTests";
			productReference = F5BF1B482988D090002119A2 /* Swift BelayTests.xctest */;
			productType = "com.apple.product-type.bundle.unit-test";
		};
		F5BF1B512988D090002119A2 /* Swift BelayUITests */ = {
			isa = PBXNativeTarget;
			buildConfigurationList = F5BF1B622988D090002119A2 /* Build configuration list for PBXNativeTarget "Swift BelayUITests" */;
			buildPhases = (
				F5BF1B4E2988D090002119A2 /* Sources */,
				F5BF1B4F2988D090002119A2 /* Frameworks */,
				F5BF1B502988D090002119A2 /* Resources */,
			);
			buildRules = (
			);
			dependencies = (
				F5BF1B542988D090002119A2 /* PBXTargetDependency */,
			);
			name = "Swift BelayUITests";
			productName = "Swift BelayUITests";
			productReference = F5BF1B522988D090002119A2 /* Swift BelayUITests.xctest */;
			productType = "com.apple.product-type.bundle.ui-testing";
		};
/* End PBXNativeTarget section */

/* Begin PBXProject section */
		F5BF1B2A2988D08E002119A2 /* Project object */ = {
			isa = PBXProject;
			attributes = {
				BuildIndependentTargetsInParallel = 1;
				LastSwiftUpdateCheck = 1420;
				LastUpgradeCheck = 1420;
				TargetAttributes = {
					F5BF1B312988D08E002119A2 = {
						CreatedOnToolsVersion = 14.2;
					};
					F5BF1B472988D090002119A2 = {
						CreatedOnToolsVersion = 14.2;
						TestTargetID = F5BF1B312988D08E002119A2;
					};
					F5BF1B512988D090002119A2 = {
						CreatedOnToolsVersion = 14.2;
						TestTargetID = F5BF1B312988D08E002119A2;
					};
				};
			};
			buildConfigurationList = F5BF1B2D2988D08E002119A2 /* Build configuration list for PBXProject "Swift Belay" */;
			compatibilityVersion = "Xcode 14.0";
			developmentRegion = en;
			hasScannedForEncodings = 0;
			knownRegions = (
				en,
				Base,
			);
			mainGroup = F5BF1B292988D08E002119A2;
			packageReferences = (
				F502ABB4299B3DCF0050826C /* XCRemoteSwiftPackageReference "facebook-ios-sdk" */,
				F502ABB8299B4B200050826C /* XCRemoteSwiftPackageReference "GoogleSignIn-iOS" */,
				F502ABBB299B58970050826C /* XCRemoteSwiftPackageReference "amplify-swift" */,
			);
			productRefGroup = F5BF1B332988D08E002119A2 /* Products */;
			projectDirPath = "";
			projectRoot = "";
			targets = (
				F5BF1B312988D08E002119A2 /* Swift Belay */,
				F5BF1B472988D090002119A2 /* Swift BelayTests */,
				F5BF1B512988D090002119A2 /* Swift BelayUITests */,
			);
		};
/* End PBXProject section */

/* Begin PBXResourcesBuildPhase section */
		F5BF1B302988D08E002119A2 /* Resources */ = {
			isa = PBXResourcesBuildPhase;
			buildActionMask = 2147483647;
			files = (
				F5BF1B422988D090002119A2 /* LaunchScreen.storyboard in Resources */,
				F5BF1B3F2988D090002119A2 /* Assets.xcassets in Resources */,
			);
			runOnlyForDeploymentPostprocessing = 0;
		};
		F5BF1B462988D090002119A2 /* Resources */ = {
			isa = PBXResourcesBuildPhase;
			buildActionMask = 2147483647;
			files = (
			);
			runOnlyForDeploymentPostprocessing = 0;
		};
		F5BF1B502988D090002119A2 /* Resources */ = {
			isa = PBXResourcesBuildPhase;
			buildActionMask = 2147483647;
			files = (
			);
			runOnlyForDeploymentPostprocessing = 0;
		};
/* End PBXResourcesBuildPhase section */

/* Begin PBXSourcesBuildPhase section */
		F5BF1B2E2988D08E002119A2 /* Sources */ = {
			isa = PBXSourcesBuildPhase;
			buildActionMask = 2147483647;
			files = (
				F5BF1B3A2988D08E002119A2 /* SBTabBarController.swift in Sources */,
				F56A9A41298DBBD9009C98FF /* SBProfileViewController.swift in Sources */,
				F5BF1B362988D08E002119A2 /* AppDelegate.swift in Sources */,
				F56A9A3D298DBBBC009C98FF /* SBHomeViewController.swift in Sources */,
				F56A9A4A29922D94009C98FF /* Constants.swift in Sources */,
				F56A9A4C299239C7009C98FF /* SBLoginSignUpNavController.swift in Sources */,
				F5BF1B382988D08E002119A2 /* SceneDelegate.swift in Sources */,
				F56A9A3F298DBBD2009C98FF /* SBChatViewController.swift in Sources */,
			);
			runOnlyForDeploymentPostprocessing = 0;
		};
		F5BF1B442988D090002119A2 /* Sources */ = {
			isa = PBXSourcesBuildPhase;
			buildActionMask = 2147483647;
			files = (
				F5BF1B4D2988D090002119A2 /* Swift_BelayTests.swift in Sources */,
			);
			runOnlyForDeploymentPostprocessing = 0;
		};
		F5BF1B4E2988D090002119A2 /* Sources */ = {
			isa = PBXSourcesBuildPhase;
			buildActionMask = 2147483647;
			files = (
				F5BF1B592988D090002119A2 /* Swift_BelayUITestsLaunchTests.swift in Sources */,
				F5BF1B572988D090002119A2 /* Swift_BelayUITests.swift in Sources */,
			);
			runOnlyForDeploymentPostprocessing = 0;
		};
/* End PBXSourcesBuildPhase section */

/* Begin PBXTargetDependency section */
		F5BF1B4A2988D090002119A2 /* PBXTargetDependency */ = {
			isa = PBXTargetDependency;
			target = F5BF1B312988D08E002119A2 /* Swift Belay */;
			targetProxy = F5BF1B492988D090002119A2 /* PBXContainerItemProxy */;
		};
		F5BF1B542988D090002119A2 /* PBXTargetDependency */ = {
			isa = PBXTargetDependency;
			target = F5BF1B312988D08E002119A2 /* Swift Belay */;
			targetProxy = F5BF1B532988D090002119A2 /* PBXContainerItemProxy */;
		};
/* End PBXTargetDependency section */

/* Begin PBXVariantGroup section */
		F5BF1B402988D090002119A2 /* LaunchScreen.storyboard */ = {
			isa = PBXVariantGroup;
			children = (
				F5BF1B412988D090002119A2 /* Base */,
			);
			name = LaunchScreen.storyboard;
			sourceTree = "<group>";
		};
/* End PBXVariantGroup section */

/* Begin XCBuildConfiguration section */
		F5BF1B5A2988D090002119A2 /* Debug */ = {
			isa = XCBuildConfiguration;
			buildSettings = {
				ALWAYS_SEARCH_USER_PATHS = NO;
				CLANG_ANALYZER_NONNULL = YES;
				CLANG_ANALYZER_NUMBER_OBJECT_CONVERSION = YES_AGGRESSIVE;
				CLANG_CXX_LANGUAGE_STANDARD = "gnu++20";
				CLANG_ENABLE_MODULES = YES;
				CLANG_ENABLE_OBJC_ARC = YES;
				CLANG_ENABLE_OBJC_WEAK = YES;
				CLANG_WARN_BLOCK_CAPTURE_AUTORELEASING = YES;
				CLANG_WARN_BOOL_CONVERSION = YES;
				CLANG_WARN_COMMA = YES;
				CLANG_WARN_CONSTANT_CONVERSION = YES;
				CLANG_WARN_DEPRECATED_OBJC_IMPLEMENTATIONS = YES;
				CLANG_WARN_DIRECT_OBJC_ISA_USAGE = YES_ERROR;
				CLANG_WARN_DOCUMENTATION_COMMENTS = YES;
				CLANG_WARN_EMPTY_BODY = YES;
				CLANG_WARN_ENUM_CONVERSION = YES;
				CLANG_WARN_INFINITE_RECURSION = YES;
				CLANG_WARN_INT_CONVERSION = YES;
				CLANG_WARN_NON_LITERAL_NULL_CONVERSION = YES;
				CLANG_WARN_OBJC_IMPLICIT_RETAIN_SELF = YES;
				CLANG_WARN_OBJC_LITERAL_CONVERSION = YES;
				CLANG_WARN_OBJC_ROOT_CLASS = YES_ERROR;
				CLANG_WARN_QUOTED_INCLUDE_IN_FRAMEWORK_HEADER = YES;
				CLANG_WARN_RANGE_LOOP_ANALYSIS = YES;
				CLANG_WARN_STRICT_PROTOTYPES = YES;
				CLANG_WARN_SUSPICIOUS_MOVE = YES;
				CLANG_WARN_UNGUARDED_AVAILABILITY = YES_AGGRESSIVE;
				CLANG_WARN_UNREACHABLE_CODE = YES;
				CLANG_WARN__DUPLICATE_METHOD_MATCH = YES;
				COPY_PHASE_STRIP = NO;
				DEBUG_INFORMATION_FORMAT = dwarf;
				ENABLE_STRICT_OBJC_MSGSEND = YES;
				ENABLE_TESTABILITY = YES;
				GCC_C_LANGUAGE_STANDARD = gnu11;
				GCC_DYNAMIC_NO_PIC = NO;
				GCC_NO_COMMON_BLOCKS = YES;
				GCC_OPTIMIZATION_LEVEL = 0;
				GCC_PREPROCESSOR_DEFINITIONS = (
					"DEBUG=1",
					"$(inherited)",
				);
				GCC_WARN_64_TO_32_BIT_CONVERSION = YES;
				GCC_WARN_ABOUT_RETURN_TYPE = YES_ERROR;
				GCC_WARN_UNDECLARED_SELECTOR = YES;
				GCC_WARN_UNINITIALIZED_AUTOS = YES_AGGRESSIVE;
				GCC_WARN_UNUSED_FUNCTION = YES;
				GCC_WARN_UNUSED_VARIABLE = YES;
				IPHONEOS_DEPLOYMENT_TARGET = 16.2;
				MTL_ENABLE_DEBUG_INFO = INCLUDE_SOURCE;
				MTL_FAST_MATH = YES;
				ONLY_ACTIVE_ARCH = YES;
				SDKROOT = iphoneos;
				SWIFT_ACTIVE_COMPILATION_CONDITIONS = DEBUG;
				SWIFT_OPTIMIZATION_LEVEL = "-Onone";
			};
			name = Debug;
		};
		F5BF1B5B2988D090002119A2 /* Release */ = {
			isa = XCBuildConfiguration;
			buildSettings = {
				ALWAYS_SEARCH_USER_PATHS = NO;
				CLANG_ANALYZER_NONNULL = YES;
				CLANG_ANALYZER_NUMBER_OBJECT_CONVERSION = YES_AGGRESSIVE;
				CLANG_CXX_LANGUAGE_STANDARD = "gnu++20";
				CLANG_ENABLE_MODULES = YES;
				CLANG_ENABLE_OBJC_ARC = YES;
				CLANG_ENABLE_OBJC_WEAK = YES;
				CLANG_WARN_BLOCK_CAPTURE_AUTORELEASING = YES;
				CLANG_WARN_BOOL_CONVERSION = YES;
				CLANG_WARN_COMMA = YES;
				CLANG_WARN_CONSTANT_CONVERSION = YES;
				CLANG_WARN_DEPRECATED_OBJC_IMPLEMENTATIONS = YES;
				CLANG_WARN_DIRECT_OBJC_ISA_USAGE = YES_ERROR;
				CLANG_WARN_DOCUMENTATION_COMMENTS = YES;
				CLANG_WARN_EMPTY_BODY = YES;
				CLANG_WARN_ENUM_CONVERSION = YES;
				CLANG_WARN_INFINITE_RECURSION = YES;
				CLANG_WARN_INT_CONVERSION = YES;
				CLANG_WARN_NON_LITERAL_NULL_CONVERSION = YES;
				CLANG_WARN_OBJC_IMPLICIT_RETAIN_SELF = YES;
				CLANG_WARN_OBJC_LITERAL_CONVERSION = YES;
				CLANG_WARN_OBJC_ROOT_CLASS = YES_ERROR;
				CLANG_WARN_QUOTED_INCLUDE_IN_FRAMEWORK_HEADER = YES;
				CLANG_WARN_RANGE_LOOP_ANALYSIS = YES;
				CLANG_WARN_STRICT_PROTOTYPES = YES;
				CLANG_WARN_SUSPICIOUS_MOVE = YES;
				CLANG_WARN_UNGUARDED_AVAILABILITY = YES_AGGRESSIVE;
				CLANG_WARN_UNREACHABLE_CODE = YES;
				CLANG_WARN__DUPLICATE_METHOD_MATCH = YES;
				COPY_PHASE_STRIP = NO;
				DEBUG_INFORMATION_FORMAT = "dwarf-with-dsym";
				ENABLE_NS_ASSERTIONS = NO;
				ENABLE_STRICT_OBJC_MSGSEND = YES;
				GCC_C_LANGUAGE_STANDARD = gnu11;
				GCC_NO_COMMON_BLOCKS = YES;
				GCC_WARN_64_TO_32_BIT_CONVERSION = YES;
				GCC_WARN_ABOUT_RETURN_TYPE = YES_ERROR;
				GCC_WARN_UNDECLARED_SELECTOR = YES;
				GCC_WARN_UNINITIALIZED_AUTOS = YES_AGGRESSIVE;
				GCC_WARN_UNUSED_FUNCTION = YES;
				GCC_WARN_UNUSED_VARIABLE = YES;
				IPHONEOS_DEPLOYMENT_TARGET = 16.2;
				MTL_ENABLE_DEBUG_INFO = NO;
				MTL_FAST_MATH = YES;
				SDKROOT = iphoneos;
				SWIFT_COMPILATION_MODE = wholemodule;
				SWIFT_OPTIMIZATION_LEVEL = "-O";
				VALIDATE_PRODUCT = YES;
			};
			name = Release;
		};
		F5BF1B5D2988D090002119A2 /* Debug */ = {
			isa = XCBuildConfiguration;
			buildSettings = {
				ASSETCATALOG_COMPILER_APPICON_NAME = AppIcon;
				ASSETCATALOG_COMPILER_GLOBAL_ACCENT_COLOR_NAME = AccentColor;
				CODE_SIGN_ENTITLEMENTS = "Swift Belay/Swift Belay.entitlements";
				CODE_SIGN_STYLE = Automatic;
				CURRENT_PROJECT_VERSION = 1;
				GENERATE_INFOPLIST_FILE = YES;
				INFOPLIST_FILE = "Swift Belay/Info.plist";
				INFOPLIST_KEY_UIApplicationSupportsIndirectInputEvents = YES;
				INFOPLIST_KEY_UILaunchStoryboardName = LaunchScreen;
				INFOPLIST_KEY_UISupportedInterfaceOrientations_iPad = "UIInterfaceOrientationPortrait UIInterfaceOrientationPortraitUpsideDown UIInterfaceOrientationLandscapeLeft UIInterfaceOrientationLandscapeRight";
				INFOPLIST_KEY_UISupportedInterfaceOrientations_iPhone = "UIInterfaceOrientationPortrait UIInterfaceOrientationLandscapeLeft UIInterfaceOrientationLandscapeRight";
				LD_RUNPATH_SEARCH_PATHS = (
					"$(inherited)",
					"@executable_path/Frameworks",
				);
				MARKETING_VERSION = 1.0;
				PRODUCT_BUNDLE_IDENTIFIER = "com.Belay.Swift-Belay";
				PRODUCT_NAME = "$(TARGET_NAME)";
				SWIFT_EMIT_LOC_STRINGS = YES;
				SWIFT_VERSION = 5.0;
				TARGETED_DEVICE_FAMILY = "1,2";
			};
			name = Debug;
		};
		F5BF1B5E2988D090002119A2 /* Release */ = {
			isa = XCBuildConfiguration;
			buildSettings = {
				ASSETCATALOG_COMPILER_APPICON_NAME = AppIcon;
				ASSETCATALOG_COMPILER_GLOBAL_ACCENT_COLOR_NAME = AccentColor;
				CODE_SIGN_ENTITLEMENTS = "Swift Belay/Swift Belay.entitlements";
				CODE_SIGN_STYLE = Automatic;
				CURRENT_PROJECT_VERSION = 1;
				GENERATE_INFOPLIST_FILE = YES;
				INFOPLIST_FILE = "Swift Belay/Info.plist";
				INFOPLIST_KEY_UIApplicationSupportsIndirectInputEvents = YES;
				INFOPLIST_KEY_UILaunchStoryboardName = LaunchScreen;
				INFOPLIST_KEY_UISupportedInterfaceOrientations_iPad = "UIInterfaceOrientationPortrait UIInterfaceOrientationPortraitUpsideDown UIInterfaceOrientationLandscapeLeft UIInterfaceOrientationLandscapeRight";
				INFOPLIST_KEY_UISupportedInterfaceOrientations_iPhone = "UIInterfaceOrientationPortrait UIInterfaceOrientationLandscapeLeft UIInterfaceOrientationLandscapeRight";
				LD_RUNPATH_SEARCH_PATHS = (
					"$(inherited)",
					"@executable_path/Frameworks",
				);
				MARKETING_VERSION = 1.0;
				PRODUCT_BUNDLE_IDENTIFIER = "com.Belay.Swift-Belay";
				PRODUCT_NAME = "$(TARGET_NAME)";
				SWIFT_EMIT_LOC_STRINGS = YES;
				SWIFT_VERSION = 5.0;
				TARGETED_DEVICE_FAMILY = "1,2";
			};
			name = Release;
		};
		F5BF1B602988D090002119A2 /* Debug */ = {
			isa = XCBuildConfiguration;
			buildSettings = {
				ALWAYS_EMBED_SWIFT_STANDARD_LIBRARIES = YES;
				BUNDLE_LOADER = "$(TEST_HOST)";
				CODE_SIGN_STYLE = Automatic;
				CURRENT_PROJECT_VERSION = 1;
				GENERATE_INFOPLIST_FILE = YES;
				IPHONEOS_DEPLOYMENT_TARGET = 16.2;
				MARKETING_VERSION = 1.0;
				PRODUCT_BUNDLE_IDENTIFIER = "com.Belay.Swift-BelayTests";
				PRODUCT_NAME = "$(TARGET_NAME)";
				SWIFT_EMIT_LOC_STRINGS = NO;
				SWIFT_VERSION = 5.0;
				TARGETED_DEVICE_FAMILY = "1,2";
				TEST_HOST = "$(BUILT_PRODUCTS_DIR)/Swift Belay.app/$(BUNDLE_EXECUTABLE_FOLDER_PATH)/Swift Belay";
			};
			name = Debug;
		};
		F5BF1B612988D090002119A2 /* Release */ = {
			isa = XCBuildConfiguration;
			buildSettings = {
				ALWAYS_EMBED_SWIFT_STANDARD_LIBRARIES = YES;
				BUNDLE_LOADER = "$(TEST_HOST)";
				CODE_SIGN_STYLE = Automatic;
				CURRENT_PROJECT_VERSION = 1;
				GENERATE_INFOPLIST_FILE = YES;
				IPHONEOS_DEPLOYMENT_TARGET = 16.2;
				MARKETING_VERSION = 1.0;
				PRODUCT_BUNDLE_IDENTIFIER = "com.Belay.Swift-BelayTests";
				PRODUCT_NAME = "$(TARGET_NAME)";
				SWIFT_EMIT_LOC_STRINGS = NO;
				SWIFT_VERSION = 5.0;
				TARGETED_DEVICE_FAMILY = "1,2";
				TEST_HOST = "$(BUILT_PRODUCTS_DIR)/Swift Belay.app/$(BUNDLE_EXECUTABLE_FOLDER_PATH)/Swift Belay";
			};
			name = Release;
		};
		F5BF1B632988D090002119A2 /* Debug */ = {
			isa = XCBuildConfiguration;
			buildSettings = {
				ALWAYS_EMBED_SWIFT_STANDARD_LIBRARIES = YES;
				CODE_SIGN_STYLE = Automatic;
				CURRENT_PROJECT_VERSION = 1;
				GENERATE_INFOPLIST_FILE = YES;
				MARKETING_VERSION = 1.0;
				PRODUCT_BUNDLE_IDENTIFIER = "com.Belay.Swift-BelayUITests";
				PRODUCT_NAME = "$(TARGET_NAME)";
				SWIFT_EMIT_LOC_STRINGS = NO;
				SWIFT_VERSION = 5.0;
				TARGETED_DEVICE_FAMILY = "1,2";
				TEST_TARGET_NAME = "Swift Belay";
			};
			name = Debug;
		};
		F5BF1B642988D090002119A2 /* Release */ = {
			isa = XCBuildConfiguration;
			buildSettings = {
				ALWAYS_EMBED_SWIFT_STANDARD_LIBRARIES = YES;
				CODE_SIGN_STYLE = Automatic;
				CURRENT_PROJECT_VERSION = 1;
				GENERATE_INFOPLIST_FILE = YES;
				MARKETING_VERSION = 1.0;
				PRODUCT_BUNDLE_IDENTIFIER = "com.Belay.Swift-BelayUITests";
				PRODUCT_NAME = "$(TARGET_NAME)";
				SWIFT_EMIT_LOC_STRINGS = NO;
				SWIFT_VERSION = 5.0;
				TARGETED_DEVICE_FAMILY = "1,2";
				TEST_TARGET_NAME = "Swift Belay";
			};
			name = Release;
		};
/* End XCBuildConfiguration section */

/* Begin XCConfigurationList section */
		F5BF1B2D2988D08E002119A2 /* Build configuration list for PBXProject "Swift Belay" */ = {
			isa = XCConfigurationList;
			buildConfigurations = (
				F5BF1B5A2988D090002119A2 /* Debug */,
				F5BF1B5B2988D090002119A2 /* Release */,
			);
			defaultConfigurationIsVisible = 0;
			defaultConfigurationName = Release;
		};
		F5BF1B5C2988D090002119A2 /* Build configuration list for PBXNativeTarget "Swift Belay" */ = {
			isa = XCConfigurationList;
			buildConfigurations = (
				F5BF1B5D2988D090002119A2 /* Debug */,
				F5BF1B5E2988D090002119A2 /* Release */,
			);
			defaultConfigurationIsVisible = 0;
			defaultConfigurationName = Release;
		};
		F5BF1B5F2988D090002119A2 /* Build configuration list for PBXNativeTarget "Swift BelayTests" */ = {
			isa = XCConfigurationList;
			buildConfigurations = (
				F5BF1B602988D090002119A2 /* Debug */,
				F5BF1B612988D090002119A2 /* Release */,
			);
			defaultConfigurationIsVisible = 0;
			defaultConfigurationName = Release;
		};
		F5BF1B622988D090002119A2 /* Build configuration list for PBXNativeTarget "Swift BelayUITests" */ = {
			isa = XCConfigurationList;
			buildConfigurations = (
				F5BF1B632988D090002119A2 /* Debug */,
				F5BF1B642988D090002119A2 /* Release */,
			);
			defaultConfigurationIsVisible = 0;
			defaultConfigurationName = Release;
		};
/* End XCConfigurationList section */

/* Begin XCRemoteSwiftPackageReference section */
		F502ABB4299B3DCF0050826C /* XCRemoteSwiftPackageReference "facebook-ios-sdk" */ = {
			isa = XCRemoteSwiftPackageReference;
			repositoryURL = "https://github.com/facebook/facebook-ios-sdk";
			requirement = {
				kind = upToNextMajorVersion;
				minimumVersion = 9.0.0;
			};
		};
		F502ABB8299B4B200050826C /* XCRemoteSwiftPackageReference "GoogleSignIn-iOS" */ = {
			isa = XCRemoteSwiftPackageReference;
			repositoryURL = "https://github.com/google/GoogleSignIn-iOS";
			requirement = {
				kind = upToNextMajorVersion;
				minimumVersion = 7.0.0;
			};
		};
		F502ABBB299B58970050826C /* XCRemoteSwiftPackageReference "amplify-swift" */ = {
			isa = XCRemoteSwiftPackageReference;
			repositoryURL = "https://github.com/aws-amplify/amplify-swift";
			requirement = {
				branch = main;
				kind = branch;
			};
		};
/* End XCRemoteSwiftPackageReference section */

/* Begin XCSwiftPackageProductDependency section */
		F502ABB5299B3DCF0050826C /* FacebookLogin */ = {
			isa = XCSwiftPackageProductDependency;
			package = F502ABB4299B3DCF0050826C /* XCRemoteSwiftPackageReference "facebook-ios-sdk" */;
			productName = FacebookLogin;
		};
		F502ABB9299B4B200050826C /* GoogleSignIn */ = {
			isa = XCSwiftPackageProductDependency;
			package = F502ABB8299B4B200050826C /* XCRemoteSwiftPackageReference "GoogleSignIn-iOS" */;
			productName = GoogleSignIn;
		};
		F502ABBC299B58970050826C /* AWSCognitoAuthPlugin */ = {
			isa = XCSwiftPackageProductDependency;
			package = F502ABBB299B58970050826C /* XCRemoteSwiftPackageReference "amplify-swift" */;
			productName = AWSCognitoAuthPlugin;
		};
		F502ABBE299B58970050826C /* Amplify */ = {
			isa = XCSwiftPackageProductDependency;
			package = F502ABBB299B58970050826C /* XCRemoteSwiftPackageReference "amplify-swift" */;
			productName = Amplify;
		};
/* End XCSwiftPackageProductDependency section */
	};
	rootObject = F5BF1B2A2988D08E002119A2 /* Project object */;
}
